// !$*UTF8*$!
{
	archiveVersion = 1;
	classes = {
	};
	objectVersion = 56;
	objects = {

/* Begin PBXBuildFile section */
		8410D4DA2BCC29730013BFE3 /* Constants.swift in Sources */ = {isa = PBXBuildFile; fileRef = 8410D4D92BCC29730013BFE3 /* Constants.swift */; };
		84828F262BC6C4A000C65E28 /* HiiroTestCaseApp.swift in Sources */ = {isa = PBXBuildFile; fileRef = 84828F252BC6C4A000C65E28 /* HiiroTestCaseApp.swift */; };
		84828F282BC6C4A000C65E28 /* ContentView.swift in Sources */ = {isa = PBXBuildFile; fileRef = 84828F272BC6C4A000C65E28 /* ContentView.swift */; };
		84828F2A2BC6C4A200C65E28 /* Assets.xcassets in Resources */ = {isa = PBXBuildFile; fileRef = 84828F292BC6C4A200C65E28 /* Assets.xcassets */; };
		84828F2D2BC6C4A200C65E28 /* Preview Assets.xcassets in Resources */ = {isa = PBXBuildFile; fileRef = 84828F2C2BC6C4A200C65E28 /* Preview Assets.xcassets */; };
		84D02C192BC94A320095B3D6 /* HiiroTestCaseUnitTests.swift in Sources */ = {isa = PBXBuildFile; fileRef = 84D02C182BC94A320095B3D6 /* HiiroTestCaseUnitTests.swift */; };
		84D280B62BCBB65C00BE3B71 /* ContentView.swift in Sources */ = {isa = PBXBuildFile; fileRef = 84828F272BC6C4A000C65E28 /* ContentView.swift */; };
		84D280B72BCBB65C00BE3B71 /* TrainView.swift in Sources */ = {isa = PBXBuildFile; fileRef = 84F4B5E92BC8025F00588A08 /* TrainView.swift */; };
		84D280B82BCBB65C00BE3B71 /* TrainingViewModel.swift in Sources */ = {isa = PBXBuildFile; fileRef = 84F4B5E52BC7FCA000588A08 /* TrainingViewModel.swift */; };
		84D280B92BCBB68800BE3B71 /* Training.swift in Sources */ = {isa = PBXBuildFile; fileRef = 84F4B5E72BC7FEC100588A08 /* Training.swift */; };
		84D280BA2BCBB6BA00BE3B71 /* HiiroTestCaseApp.swift in Sources */ = {isa = PBXBuildFile; fileRef = 84828F252BC6C4A000C65E28 /* HiiroTestCaseApp.swift */; };
		84D280BB2BCBB6BE00BE3B71 /* Fonts.swift in Sources */ = {isa = PBXBuildFile; fileRef = 84F4B5D82BC7DDBC00588A08 /* Fonts.swift */; };
		84D280BC2BCBB6C200BE3B71 /* DateFormatter.swift in Sources */ = {isa = PBXBuildFile; fileRef = 84F4B5E02BC7E39300588A08 /* DateFormatter.swift */; };
		84D280BD2BCBB6D200BE3B71 /* Assets.xcassets in Sources */ = {isa = PBXBuildFile; fileRef = 84828F292BC6C4A200C65E28 /* Assets.xcassets */; };
		84F4B5D92BC7DDBC00588A08 /* Fonts.swift in Sources */ = {isa = PBXBuildFile; fileRef = 84F4B5D82BC7DDBC00588A08 /* Fonts.swift */; };
		84F4B5E12BC7E39300588A08 /* DateFormatter.swift in Sources */ = {isa = PBXBuildFile; fileRef = 84F4B5E02BC7E39300588A08 /* DateFormatter.swift */; };
		84F4B5E62BC7FCA000588A08 /* TrainingViewModel.swift in Sources */ = {isa = PBXBuildFile; fileRef = 84F4B5E52BC7FCA000588A08 /* TrainingViewModel.swift */; };
		84F4B5E82BC7FEC100588A08 /* Training.swift in Sources */ = {isa = PBXBuildFile; fileRef = 84F4B5E72BC7FEC100588A08 /* Training.swift */; };
		84F4B5EA2BC8025F00588A08 /* TrainView.swift in Sources */ = {isa = PBXBuildFile; fileRef = 84F4B5E92BC8025F00588A08 /* TrainView.swift */; };
		84F4B5ED2BC80F6200588A08 /* SharpGrotesk-Book15.otf in Resources */ = {isa = PBXBuildFile; fileRef = 84F4B5EB2BC80F6200588A08 /* SharpGrotesk-Book15.otf */; };
		84F4B5EE2BC80F6200588A08 /* SharpGrotesk-Medium15.otf in Resources */ = {isa = PBXBuildFile; fileRef = 84F4B5EC2BC80F6200588A08 /* SharpGrotesk-Medium15.otf */; };
/* End PBXBuildFile section */

/* Begin PBXContainerItemProxy section */
		84D02C1A2BC94A320095B3D6 /* PBXContainerItemProxy */ = {
			isa = PBXContainerItemProxy;
			containerPortal = 84828F1A2BC6C4A000C65E28 /* Project object */;
			proxyType = 1;
			remoteGlobalIDString = 84828F212BC6C4A000C65E28;
			remoteInfo = HiiroTestCase;
		};
		84D280B12BCBB42300BE3B71 /* PBXContainerItemProxy */ = {
			isa = PBXContainerItemProxy;
			containerPortal = 84828F1A2BC6C4A000C65E28 /* Project object */;
			proxyType = 1;
			remoteGlobalIDString = 84828F212BC6C4A000C65E28;
			remoteInfo = HiiroTestCase;
		};
/* End PBXContainerItemProxy section */

/* Begin PBXFileReference section */
		8410D4D92BCC29730013BFE3 /* Constants.swift */ = {isa = PBXFileReference; lastKnownFileType = sourcecode.swift; path = Constants.swift; sourceTree = "<group>"; };
		84828F222BC6C4A000C65E28 /* HiiroTestCase.app */ = {isa = PBXFileReference; explicitFileType = wrapper.application; includeInIndex = 0; path = HiiroTestCase.app; sourceTree = BUILT_PRODUCTS_DIR; };
		84828F252BC6C4A000C65E28 /* HiiroTestCaseApp.swift */ = {isa = PBXFileReference; lastKnownFileType = sourcecode.swift; path = HiiroTestCaseApp.swift; sourceTree = "<group>"; };
		84828F272BC6C4A000C65E28 /* ContentView.swift */ = {isa = PBXFileReference; lastKnownFileType = sourcecode.swift; path = ContentView.swift; sourceTree = "<group>"; };
		84828F292BC6C4A200C65E28 /* Assets.xcassets */ = {isa = PBXFileReference; lastKnownFileType = folder.assetcatalog; path = Assets.xcassets; sourceTree = "<group>"; };
		84828F2C2BC6C4A200C65E28 /* Preview Assets.xcassets */ = {isa = PBXFileReference; lastKnownFileType = folder.assetcatalog; path = "Preview Assets.xcassets"; sourceTree = "<group>"; };
		84D02C162BC94A320095B3D6 /* HiiroTestCaseTests.xctest */ = {isa = PBXFileReference; explicitFileType = wrapper.cfbundle; includeInIndex = 0; path = HiiroTestCaseTests.xctest; sourceTree = BUILT_PRODUCTS_DIR; };
		84D02C182BC94A320095B3D6 /* HiiroTestCaseUnitTests.swift */ = {isa = PBXFileReference; lastKnownFileType = sourcecode.swift; path = HiiroTestCaseUnitTests.swift; sourceTree = "<group>"; };
		84D280AB2BCBB42300BE3B71 /* HiiroTestCaseUITests.xctest */ = {isa = PBXFileReference; explicitFileType = wrapper.cfbundle; includeInIndex = 0; path = HiiroTestCaseUITests.xctest; sourceTree = BUILT_PRODUCTS_DIR; };
		84F4B5D82BC7DDBC00588A08 /* Fonts.swift */ = {isa = PBXFileReference; lastKnownFileType = sourcecode.swift; path = Fonts.swift; sourceTree = "<group>"; };
		84F4B5E02BC7E39300588A08 /* DateFormatter.swift */ = {isa = PBXFileReference; lastKnownFileType = sourcecode.swift; path = DateFormatter.swift; sourceTree = "<group>"; };
		84F4B5E52BC7FCA000588A08 /* TrainingViewModel.swift */ = {isa = PBXFileReference; lastKnownFileType = sourcecode.swift; path = TrainingViewModel.swift; sourceTree = "<group>"; };
		84F4B5E72BC7FEC100588A08 /* Training.swift */ = {isa = PBXFileReference; lastKnownFileType = sourcecode.swift; path = Training.swift; sourceTree = "<group>"; };
		84F4B5E92BC8025F00588A08 /* TrainView.swift */ = {isa = PBXFileReference; lastKnownFileType = sourcecode.swift; path = TrainView.swift; sourceTree = "<group>"; };
		84F4B5EB2BC80F6200588A08 /* SharpGrotesk-Book15.otf */ = {isa = PBXFileReference; lastKnownFileType = file; path = "SharpGrotesk-Book15.otf"; sourceTree = "<group>"; };
		84F4B5EC2BC80F6200588A08 /* SharpGrotesk-Medium15.otf */ = {isa = PBXFileReference; lastKnownFileType = file; path = "SharpGrotesk-Medium15.otf"; sourceTree = "<group>"; };
/* End PBXFileReference section */

/* Begin PBXFrameworksBuildPhase section */
		84828F1F2BC6C4A000C65E28 /* Frameworks */ = {
			isa = PBXFrameworksBuildPhase;
			buildActionMask = 2147483647;
			files = (
			);
			runOnlyForDeploymentPostprocessing = 0;
		};
		84D02C132BC94A320095B3D6 /* Frameworks */ = {
			isa = PBXFrameworksBuildPhase;
			buildActionMask = 2147483647;
			files = (
			);
			runOnlyForDeploymentPostprocessing = 0;
		};
		84D280A82BCBB42300BE3B71 /* Frameworks */ = {
			isa = PBXFrameworksBuildPhase;
			buildActionMask = 2147483647;
			files = (
			);
			runOnlyForDeploymentPostprocessing = 0;
		};
/* End PBXFrameworksBuildPhase section */

/* Begin PBXGroup section */
		84828F192BC6C4A000C65E28 = {
			isa = PBXGroup;
			children = (
				84828F242BC6C4A000C65E28 /* HiiroTestCase */,
				84D02C172BC94A320095B3D6 /* HiiroTestCaseTests */,
				84828F232BC6C4A000C65E28 /* Products */,
			);
			sourceTree = "<group>";
		};
		84828F232BC6C4A000C65E28 /* Products */ = {
			isa = PBXGroup;
			children = (
				84828F222BC6C4A000C65E28 /* HiiroTestCase.app */,
				84D02C162BC94A320095B3D6 /* HiiroTestCaseTests.xctest */,
				84D280AB2BCBB42300BE3B71 /* HiiroTestCaseUITests.xctest */,
			);
			name = Products;
			sourceTree = "<group>";
		};
		84828F242BC6C4A000C65E28 /* HiiroTestCase */ = {
			isa = PBXGroup;
			children = (
				84828F252BC6C4A000C65E28 /* HiiroTestCaseApp.swift */,
				84F4B5E22BC7FC0D00588A08 /* Model */,
				84F4B5E32BC7FC5000588A08 /* View */,
				84F4B5E42BC7FC6B00588A08 /* ViewModel */,
				84F4B5DA2BC7E22A00588A08 /* Helpers */,
				84F4B5DB2BC7E23A00588A08 /* Design */,
				84828F2B2BC6C4A200C65E28 /* Preview Content */,
			);
			path = HiiroTestCase;
			sourceTree = "<group>";
		};
		84828F2B2BC6C4A200C65E28 /* Preview Content */ = {
			isa = PBXGroup;
			children = (
				84828F2C2BC6C4A200C65E28 /* Preview Assets.xcassets */,
			);
			path = "Preview Content";
			sourceTree = "<group>";
		};
		84D02C172BC94A320095B3D6 /* HiiroTestCaseTests */ = {
			isa = PBXGroup;
			children = (
				84D02C182BC94A320095B3D6 /* HiiroTestCaseUnitTests.swift */,
			);
			path = HiiroTestCaseTests;
			sourceTree = "<group>";
		};
		84F4B5DA2BC7E22A00588A08 /* Helpers */ = {
			isa = PBXGroup;
			children = (
				8410D4D92BCC29730013BFE3 /* Constants.swift */,
				84F4B5D82BC7DDBC00588A08 /* Fonts.swift */,
				84F4B5E02BC7E39300588A08 /* DateFormatter.swift */,
			);
			path = Helpers;
			sourceTree = "<group>";
		};
		84F4B5DB2BC7E23A00588A08 /* Design */ = {
			isa = PBXGroup;
			children = (
				84F4B5EB2BC80F6200588A08 /* SharpGrotesk-Book15.otf */,
				84F4B5EC2BC80F6200588A08 /* SharpGrotesk-Medium15.otf */,
				84828F292BC6C4A200C65E28 /* Assets.xcassets */,
			);
			path = Design;
			sourceTree = "<group>";
		};
		84F4B5E22BC7FC0D00588A08 /* Model */ = {
			isa = PBXGroup;
			children = (
				84F4B5E72BC7FEC100588A08 /* Training.swift */,
			);
			path = Model;
			sourceTree = "<group>";
		};
		84F4B5E32BC7FC5000588A08 /* View */ = {
			isa = PBXGroup;
			children = (
				84828F272BC6C4A000C65E28 /* ContentView.swift */,
				84F4B5E92BC8025F00588A08 /* TrainView.swift */,
			);
			path = View;
			sourceTree = "<group>";
		};
		84F4B5E42BC7FC6B00588A08 /* ViewModel */ = {
			isa = PBXGroup;
			children = (
				84F4B5E52BC7FCA000588A08 /* TrainingViewModel.swift */,
			);
			path = ViewModel;
			sourceTree = "<group>";
		};
/* End PBXGroup section */

/* Begin PBXNativeTarget section */
		84828F212BC6C4A000C65E28 /* HiiroTestCase */ = {
			isa = PBXNativeTarget;
			buildConfigurationList = 84828F302BC6C4A200C65E28 /* Build configuration list for PBXNativeTarget "HiiroTestCase" */;
			buildPhases = (
				84828F1E2BC6C4A000C65E28 /* Sources */,
				84828F1F2BC6C4A000C65E28 /* Frameworks */,
				84828F202BC6C4A000C65E28 /* Resources */,
				8410D4DC2BCC2B4D0013BFE3 /* ShellScript */,
			);
			buildRules = (
			);
			dependencies = (
			);
			name = HiiroTestCase;
			productName = HiiroTestCase;
			productReference = 84828F222BC6C4A000C65E28 /* HiiroTestCase.app */;
			productType = "com.apple.product-type.application";
		};
		84D02C152BC94A320095B3D6 /* HiiroTestCaseTests */ = {
			isa = PBXNativeTarget;
			buildConfigurationList = 84D02C1C2BC94A320095B3D6 /* Build configuration list for PBXNativeTarget "HiiroTestCaseTests" */;
			buildPhases = (
				84D02C122BC94A320095B3D6 /* Sources */,
				84D02C132BC94A320095B3D6 /* Frameworks */,
				84D02C142BC94A320095B3D6 /* Resources */,
			);
			buildRules = (
			);
			dependencies = (
				84D02C1B2BC94A320095B3D6 /* PBXTargetDependency */,
			);
			name = HiiroTestCaseTests;
			productName = HiiroTestCaseTests;
			productReference = 84D02C162BC94A320095B3D6 /* HiiroTestCaseTests.xctest */;
			productType = "com.apple.product-type.bundle.unit-test";
		};
		84D280AA2BCBB42300BE3B71 /* HiiroTestCaseUITests */ = {
			isa = PBXNativeTarget;
			buildConfigurationList = 84D280B32BCBB42300BE3B71 /* Build configuration list for PBXNativeTarget "HiiroTestCaseUITests" */;
			buildPhases = (
				84D280A72BCBB42300BE3B71 /* Sources */,
				84D280A82BCBB42300BE3B71 /* Frameworks */,
				84D280A92BCBB42300BE3B71 /* Resources */,
			);
			buildRules = (
			);
			dependencies = (
				84D280B22BCBB42300BE3B71 /* PBXTargetDependency */,
			);
			name = HiiroTestCaseUITests;
			productName = HiiroTestCaseUITests;
			productReference = 84D280AB2BCBB42300BE3B71 /* HiiroTestCaseUITests.xctest */;
			productType = "com.apple.product-type.bundle.ui-testing";
		};
/* End PBXNativeTarget section */

/* Begin PBXProject section */
		84828F1A2BC6C4A000C65E28 /* Project object */ = {
			isa = PBXProject;
			attributes = {
				BuildIndependentTargetsInParallel = 1;
				LastSwiftUpdateCheck = 1530;
				LastUpgradeCheck = 1530;
				TargetAttributes = {
					84828F212BC6C4A000C65E28 = {
						CreatedOnToolsVersion = 15.3;
					};
					84D02C152BC94A320095B3D6 = {
						CreatedOnToolsVersion = 15.3;
						TestTargetID = 84828F212BC6C4A000C65E28;
					};
					84D280AA2BCBB42300BE3B71 = {
						CreatedOnToolsVersion = 15.3;
						TestTargetID = 84828F212BC6C4A000C65E28;
					};
				};
			};
			buildConfigurationList = 84828F1D2BC6C4A000C65E28 /* Build configuration list for PBXProject "HiiroTestCase" */;
			compatibilityVersion = "Xcode 14.0";
			developmentRegion = en;
			hasScannedForEncodings = 0;
			knownRegions = (
				en,
				Base,
			);
			mainGroup = 84828F192BC6C4A000C65E28;
			productRefGroup = 84828F232BC6C4A000C65E28 /* Products */;
			projectDirPath = "";
			projectRoot = "";
			targets = (
				84828F212BC6C4A000C65E28 /* HiiroTestCase */,
				84D02C152BC94A320095B3D6 /* HiiroTestCaseTests */,
				84D280AA2BCBB42300BE3B71 /* HiiroTestCaseUITests */,
			);
		};
/* End PBXProject section */

/* Begin PBXResourcesBuildPhase section */
		84828F202BC6C4A000C65E28 /* Resources */ = {
			isa = PBXResourcesBuildPhase;
			buildActionMask = 2147483647;
			files = (
				84828F2D2BC6C4A200C65E28 /* Preview Assets.xcassets in Resources */,
				84F4B5EE2BC80F6200588A08 /* SharpGrotesk-Medium15.otf in Resources */,
				84F4B5ED2BC80F6200588A08 /* SharpGrotesk-Book15.otf in Resources */,
				84828F2A2BC6C4A200C65E28 /* Assets.xcassets in Resources */,
			);
			runOnlyForDeploymentPostprocessing = 0;
		};
		84D02C142BC94A320095B3D6 /* Resources */ = {
			isa = PBXResourcesBuildPhase;
			buildActionMask = 2147483647;
			files = (
			);
			runOnlyForDeploymentPostprocessing = 0;
		};
		84D280A92BCBB42300BE3B71 /* Resources */ = {
			isa = PBXResourcesBuildPhase;
			buildActionMask = 2147483647;
			files = (
			);
			runOnlyForDeploymentPostprocessing = 0;
		};
/* End PBXResourcesBuildPhase section */

/* Begin PBXShellScriptBuildPhase section */
		8410D4DC2BCC2B4D0013BFE3 /* ShellScript */ = {
			isa = PBXShellScriptBuildPhase;
			buildActionMask = 2147483647;
			files = (
			);
			inputFileListPaths = (
			);
			inputPaths = (
			);
			outputFileListPaths = (
			);
			outputPaths = (
			);
			runOnlyForDeploymentPostprocessing = 0;
			shellPath = /bin/sh;
			shellScript = "if [[ \"$(uname -m)\" == arm64 ]]; then\n    export PATH=\"/opt/homebrew/bin:$PATH\"\nfi\n\nif which swiftlint > /dev/null; then\n  swiftlint\nelse\n  echo \"warning: SwiftLint not installed, download from https://github.com/realm/SwiftLint\"\nfi\n";
		};
/* End PBXShellScriptBuildPhase section */

/* Begin PBXSourcesBuildPhase section */
		84828F1E2BC6C4A000C65E28 /* Sources */ = {
			isa = PBXSourcesBuildPhase;
			buildActionMask = 2147483647;
			files = (
				84F4B5EA2BC8025F00588A08 /* TrainView.swift in Sources */,
				84F4B5E62BC7FCA000588A08 /* TrainingViewModel.swift in Sources */,
				84F4B5E82BC7FEC100588A08 /* Training.swift in Sources */,
				84F4B5E12BC7E39300588A08 /* DateFormatter.swift in Sources */,
				84828F282BC6C4A000C65E28 /* ContentView.swift in Sources */,
				84F4B5D92BC7DDBC00588A08 /* Fonts.swift in Sources */,
				84828F262BC6C4A000C65E28 /* HiiroTestCaseApp.swift in Sources */,
				8410D4DA2BCC29730013BFE3 /* Constants.swift in Sources */,
			);
			runOnlyForDeploymentPostprocessing = 0;
		};
		84D02C122BC94A320095B3D6 /* Sources */ = {
			isa = PBXSourcesBuildPhase;
			buildActionMask = 2147483647;
			files = (
				84D02C192BC94A320095B3D6 /* HiiroTestCaseUnitTests.swift in Sources */,
			);
			runOnlyForDeploymentPostprocessing = 0;
		};
		84D280A72BCBB42300BE3B71 /* Sources */ = {
			isa = PBXSourcesBuildPhase;
			buildActionMask = 2147483647;
			files = (
				84D280BD2BCBB6D200BE3B71 /* Assets.xcassets in Sources */,
				84D280BC2BCBB6C200BE3B71 /* DateFormatter.swift in Sources */,
				84D280BB2BCBB6BE00BE3B71 /* Fonts.swift in Sources */,
				84D280BA2BCBB6BA00BE3B71 /* HiiroTestCaseApp.swift in Sources */,
				84D280B92BCBB68800BE3B71 /* Training.swift in Sources */,
				84D280B62BCBB65C00BE3B71 /* ContentView.swift in Sources */,
				84D280B72BCBB65C00BE3B71 /* TrainView.swift in Sources */,
				84D280B82BCBB65C00BE3B71 /* TrainingViewModel.swift in Sources */,
			);
			runOnlyForDeploymentPostprocessing = 0;
		};
/* End PBXSourcesBuildPhase section */

/* Begin PBXTargetDependency section */
		84D02C1B2BC94A320095B3D6 /* PBXTargetDependency */ = {
			isa = PBXTargetDependency;
			target = 84828F212BC6C4A000C65E28 /* HiiroTestCase */;
			targetProxy = 84D02C1A2BC94A320095B3D6 /* PBXContainerItemProxy */;
		};
		84D280B22BCBB42300BE3B71 /* PBXTargetDependency */ = {
			isa = PBXTargetDependency;
			target = 84828F212BC6C4A000C65E28 /* HiiroTestCase */;
			targetProxy = 84D280B12BCBB42300BE3B71 /* PBXContainerItemProxy */;
		};
/* End PBXTargetDependency section */

/* Begin XCBuildConfiguration section */
		84828F2E2BC6C4A200C65E28 /* Debug */ = {
			isa = XCBuildConfiguration;
			buildSettings = {
				ALWAYS_SEARCH_USER_PATHS = NO;
				ASSETCATALOG_COMPILER_GENERATE_SWIFT_ASSET_SYMBOL_EXTENSIONS = YES;
				CLANG_ANALYZER_NONNULL = YES;
				CLANG_ANALYZER_NUMBER_OBJECT_CONVERSION = YES_AGGRESSIVE;
				CLANG_CXX_LANGUAGE_STANDARD = "gnu++20";
				CLANG_ENABLE_MODULES = YES;
				CLANG_ENABLE_OBJC_ARC = YES;
				CLANG_ENABLE_OBJC_WEAK = YES;
				CLANG_WARN_BLOCK_CAPTURE_AUTORELEASING = YES;
				CLANG_WARN_BOOL_CONVERSION = YES;
				CLANG_WARN_COMMA = YES;
				CLANG_WARN_CONSTANT_CONVERSION = YES;
				CLANG_WARN_DEPRECATED_OBJC_IMPLEMENTATIONS = YES;
				CLANG_WARN_DIRECT_OBJC_ISA_USAGE = YES_ERROR;
				CLANG_WARN_DOCUMENTATION_COMMENTS = YES;
				CLANG_WARN_EMPTY_BODY = YES;
				CLANG_WARN_ENUM_CONVERSION = YES;
				CLANG_WARN_INFINITE_RECURSION = YES;
				CLANG_WARN_INT_CONVERSION = YES;
				CLANG_WARN_NON_LITERAL_NULL_CONVERSION = YES;
				CLANG_WARN_OBJC_IMPLICIT_RETAIN_SELF = YES;
				CLANG_WARN_OBJC_LITERAL_CONVERSION = YES;
				CLANG_WARN_OBJC_ROOT_CLASS = YES_ERROR;
				CLANG_WARN_QUOTED_INCLUDE_IN_FRAMEWORK_HEADER = YES;
				CLANG_WARN_RANGE_LOOP_ANALYSIS = YES;
				CLANG_WARN_STRICT_PROTOTYPES = YES;
				CLANG_WARN_SUSPICIOUS_MOVE = YES;
				CLANG_WARN_UNGUARDED_AVAILABILITY = YES_AGGRESSIVE;
				CLANG_WARN_UNREACHABLE_CODE = YES;
				CLANG_WARN__DUPLICATE_METHOD_MATCH = YES;
				COPY_PHASE_STRIP = NO;
				DEBUG_INFORMATION_FORMAT = dwarf;
				ENABLE_STRICT_OBJC_MSGSEND = YES;
				ENABLE_TESTABILITY = YES;
				ENABLE_USER_SCRIPT_SANDBOXING = NO;
				GCC_C_LANGUAGE_STANDARD = gnu17;
				GCC_DYNAMIC_NO_PIC = NO;
				GCC_NO_COMMON_BLOCKS = YES;
				GCC_OPTIMIZATION_LEVEL = 0;
				GCC_PREPROCESSOR_DEFINITIONS = (
					"DEBUG=1",
					"$(inherited)",
				);
				GCC_WARN_64_TO_32_BIT_CONVERSION = YES;
				GCC_WARN_ABOUT_RETURN_TYPE = YES_ERROR;
				GCC_WARN_UNDECLARED_SELECTOR = YES;
				GCC_WARN_UNINITIALIZED_AUTOS = YES_AGGRESSIVE;
				GCC_WARN_UNUSED_FUNCTION = YES;
				GCC_WARN_UNUSED_VARIABLE = YES;
				IPHONEOS_DEPLOYMENT_TARGET = 17.4;
				LOCALIZATION_PREFERS_STRING_CATALOGS = YES;
				MTL_ENABLE_DEBUG_INFO = INCLUDE_SOURCE;
				MTL_FAST_MATH = YES;
				ONLY_ACTIVE_ARCH = YES;
				SDKROOT = iphoneos;
				SWIFT_ACTIVE_COMPILATION_CONDITIONS = "DEBUG $(inherited)";
				SWIFT_OPTIMIZATION_LEVEL = "-Onone";
			};
			name = Debug;
		};
		84828F2F2BC6C4A200C65E28 /* Release */ = {
			isa = XCBuildConfiguration;
			buildSettings = {
				ALWAYS_SEARCH_USER_PATHS = NO;
				ASSETCATALOG_COMPILER_GENERATE_SWIFT_ASSET_SYMBOL_EXTENSIONS = YES;
				CLANG_ANALYZER_NONNULL = YES;
				CLANG_ANALYZER_NUMBER_OBJECT_CONVERSION = YES_AGGRESSIVE;
				CLANG_CXX_LANGUAGE_STANDARD = "gnu++20";
				CLANG_ENABLE_MODULES = YES;
				CLANG_ENABLE_OBJC_ARC = YES;
				CLANG_ENABLE_OBJC_WEAK = YES;
				CLANG_WARN_BLOCK_CAPTURE_AUTORELEASING = YES;
				CLANG_WARN_BOOL_CONVERSION = YES;
				CLANG_WARN_COMMA = YES;
				CLANG_WARN_CONSTANT_CONVERSION = YES;
				CLANG_WARN_DEPRECATED_OBJC_IMPLEMENTATIONS = YES;
				CLANG_WARN_DIRECT_OBJC_ISA_USAGE = YES_ERROR;
				CLANG_WARN_DOCUMENTATION_COMMENTS = YES;
				CLANG_WARN_EMPTY_BODY = YES;
				CLANG_WARN_ENUM_CONVERSION = YES;
				CLANG_WARN_INFINITE_RECURSION = YES;
				CLANG_WARN_INT_CONVERSION = YES;
				CLANG_WARN_NON_LITERAL_NULL_CONVERSION = YES;
				CLANG_WARN_OBJC_IMPLICIT_RETAIN_SELF = YES;
				CLANG_WARN_OBJC_LITERAL_CONVERSION = YES;
				CLANG_WARN_OBJC_ROOT_CLASS = YES_ERROR;
				CLANG_WARN_QUOTED_INCLUDE_IN_FRAMEWORK_HEADER = YES;
				CLANG_WARN_RANGE_LOOP_ANALYSIS = YES;
				CLANG_WARN_STRICT_PROTOTYPES = YES;
				CLANG_WARN_SUSPICIOUS_MOVE = YES;
				CLANG_WARN_UNGUARDED_AVAILABILITY = YES_AGGRESSIVE;
				CLANG_WARN_UNREACHABLE_CODE = YES;
				CLANG_WARN__DUPLICATE_METHOD_MATCH = YES;
				COPY_PHASE_STRIP = NO;
				DEBUG_INFORMATION_FORMAT = "dwarf-with-dsym";
				ENABLE_NS_ASSERTIONS = NO;
				ENABLE_STRICT_OBJC_MSGSEND = YES;
				ENABLE_USER_SCRIPT_SANDBOXING = NO;
				GCC_C_LANGUAGE_STANDARD = gnu17;
				GCC_NO_COMMON_BLOCKS = YES;
				GCC_WARN_64_TO_32_BIT_CONVERSION = YES;
				GCC_WARN_ABOUT_RETURN_TYPE = YES_ERROR;
				GCC_WARN_UNDECLARED_SELECTOR = YES;
				GCC_WARN_UNINITIALIZED_AUTOS = YES_AGGRESSIVE;
				GCC_WARN_UNUSED_FUNCTION = YES;
				GCC_WARN_UNUSED_VARIABLE = YES;
				IPHONEOS_DEPLOYMENT_TARGET = 17.4;
				LOCALIZATION_PREFERS_STRING_CATALOGS = YES;
				MTL_ENABLE_DEBUG_INFO = NO;
				MTL_FAST_MATH = YES;
				SDKROOT = iphoneos;
				SWIFT_COMPILATION_MODE = wholemodule;
				VALIDATE_PRODUCT = YES;
			};
			name = Release;
		};
		84828F312BC6C4A200C65E28 /* Debug */ = {
			isa = XCBuildConfiguration;
			buildSettings = {
				ASSETCATALOG_COMPILER_APPICON_NAME = AppIcon;
				ASSETCATALOG_COMPILER_GLOBAL_ACCENT_COLOR_NAME = AccentColor;
				CODE_SIGN_STYLE = Automatic;
				CURRENT_PROJECT_VERSION = 1;
				DEVELOPMENT_ASSET_PATHS = "\"HiiroTestCase/Preview Content\"";
				DEVELOPMENT_TEAM = H2L9U6M2SX;
				ENABLE_PREVIEWS = YES;
				GENERATE_INFOPLIST_FILE = YES;
				INFOPLIST_KEY_UIApplicationSceneManifest_Generation = YES;
				INFOPLIST_KEY_UIApplicationSupportsIndirectInputEvents = YES;
				INFOPLIST_KEY_UILaunchScreen_Generation = YES;
				INFOPLIST_KEY_UISupportedInterfaceOrientations_iPad = "UIInterfaceOrientationPortrait UIInterfaceOrientationPortraitUpsideDown UIInterfaceOrientationLandscapeLeft UIInterfaceOrientationLandscapeRight";
				INFOPLIST_KEY_UISupportedInterfaceOrientations_iPhone = "UIInterfaceOrientationPortrait UIInterfaceOrientationLandscapeLeft UIInterfaceOrientationLandscapeRight";
				IPHONEOS_DEPLOYMENT_TARGET = 16.0;
				LD_RUNPATH_SEARCH_PATHS = (
					"$(inherited)",
					"@executable_path/Frameworks",
				);
				MARKETING_VERSION = 1.0;
				PRODUCT_BUNDLE_IDENTIFIER = ru.azonaz.HiiroTestCase;
				PRODUCT_NAME = "$(TARGET_NAME)";
				SWIFT_EMIT_LOC_STRINGS = YES;
				SWIFT_VERSION = 5.0;
				TARGETED_DEVICE_FAMILY = "1,2";
			};
			name = Debug;
		};
		84828F322BC6C4A200C65E28 /* Release */ = {
			isa = XCBuildConfiguration;
			buildSettings = {
				ASSETCATALOG_COMPILER_APPICON_NAME = AppIcon;
				ASSETCATALOG_COMPILER_GLOBAL_ACCENT_COLOR_NAME = AccentColor;
				CODE_SIGN_STYLE = Automatic;
				CURRENT_PROJECT_VERSION = 1;
				DEVELOPMENT_ASSET_PATHS = "\"HiiroTestCase/Preview Content\"";
				DEVELOPMENT_TEAM = H2L9U6M2SX;
				ENABLE_PREVIEWS = YES;
				GENERATE_INFOPLIST_FILE = YES;
				INFOPLIST_KEY_UIApplicationSceneManifest_Generation = YES;
				INFOPLIST_KEY_UIApplicationSupportsIndirectInputEvents = YES;
				INFOPLIST_KEY_UILaunchScreen_Generation = YES;
				INFOPLIST_KEY_UISupportedInterfaceOrientations_iPad = "UIInterfaceOrientationPortrait UIInterfaceOrientationPortraitUpsideDown UIInterfaceOrientationLandscapeLeft UIInterfaceOrientationLandscapeRight";
				INFOPLIST_KEY_UISupportedInterfaceOrientations_iPhone = "UIInterfaceOrientationPortrait UIInterfaceOrientationLandscapeLeft UIInterfaceOrientationLandscapeRight";
				IPHONEOS_DEPLOYMENT_TARGET = 16.0;
				LD_RUNPATH_SEARCH_PATHS = (
					"$(inherited)",
					"@executable_path/Frameworks",
				);
				MARKETING_VERSION = 1.0;
				PRODUCT_BUNDLE_IDENTIFIER = ru.azonaz.HiiroTestCase;
				PRODUCT_NAME = "$(TARGET_NAME)";
				SWIFT_EMIT_LOC_STRINGS = YES;
				SWIFT_VERSION = 5.0;
				TARGETED_DEVICE_FAMILY = "1,2";
			};
			name = Release;
		};
		84D02C1D2BC94A320095B3D6 /* Debug */ = {
			isa = XCBuildConfiguration;
			buildSettings = {
				BUNDLE_LOADER = "$(TEST_HOST)";
				CODE_SIGN_STYLE = Automatic;
				CURRENT_PROJECT_VERSION = 1;
				DEVELOPMENT_TEAM = H2L9U6M2SX;
				GENERATE_INFOPLIST_FILE = YES;
				IPHONEOS_DEPLOYMENT_TARGET = 17.0;
				MARKETING_VERSION = 1.0;
				PRODUCT_BUNDLE_IDENTIFIER = ru.azonaz.HiiroTestCaseTests;
				PRODUCT_NAME = "$(TARGET_NAME)";
				SWIFT_EMIT_LOC_STRINGS = NO;
				SWIFT_VERSION = 5.0;
				TARGETED_DEVICE_FAMILY = "1,2";
				TEST_HOST = "$(BUILT_PRODUCTS_DIR)/HiiroTestCase.app/$(BUNDLE_EXECUTABLE_FOLDER_PATH)/HiiroTestCase";
			};
			name = Debug;
		};
		84D02C1E2BC94A320095B3D6 /* Release */ = {
			isa = XCBuildConfiguration;
			buildSettings = {
				BUNDLE_LOADER = "$(TEST_HOST)";
				CODE_SIGN_STYLE = Automatic;
				CURRENT_PROJECT_VERSION = 1;
				DEVELOPMENT_TEAM = H2L9U6M2SX;
				GENERATE_INFOPLIST_FILE = YES;
				IPHONEOS_DEPLOYMENT_TARGET = 17.0;
				MARKETING_VERSION = 1.0;
				PRODUCT_BUNDLE_IDENTIFIER = ru.azonaz.HiiroTestCaseTests;
				PRODUCT_NAME = "$(TARGET_NAME)";
				SWIFT_EMIT_LOC_STRINGS = NO;
				SWIFT_VERSION = 5.0;
				TARGETED_DEVICE_FAMILY = "1,2";
				TEST_HOST = "$(BUILT_PRODUCTS_DIR)/HiiroTestCase.app/$(BUNDLE_EXECUTABLE_FOLDER_PATH)/HiiroTestCase";
			};
			name = Release;
		};
		84D280B42BCBB42300BE3B71 /* Debug */ = {
			isa = XCBuildConfiguration;
			buildSettings = {
				CODE_SIGN_STYLE = Automatic;
				CURRENT_PROJECT_VERSION = 1;
				DEVELOPMENT_TEAM = H2L9U6M2SX;
				GENERATE_INFOPLIST_FILE = YES;
				IPHONEOS_DEPLOYMENT_TARGET = 17.0;
				MARKETING_VERSION = 1.0;
				PRODUCT_BUNDLE_IDENTIFIER = ru.azonaz.HiiroTestCaseUITests;
				PRODUCT_NAME = "$(TARGET_NAME)";
				SWIFT_EMIT_LOC_STRINGS = NO;
				SWIFT_VERSION = 5.0;
				TARGETED_DEVICE_FAMILY = "1,2";
				TEST_TARGET_NAME = HiiroTestCase;
			};
			name = Debug;
		};
		84D280B52BCBB42300BE3B71 /* Release */ = {
			isa = XCBuildConfiguration;
			buildSettings = {
				CODE_SIGN_STYLE = Automatic;
				CURRENT_PROJECT_VERSION = 1;
				DEVELOPMENT_TEAM = H2L9U6M2SX;
				GENERATE_INFOPLIST_FILE = YES;
				IPHONEOS_DEPLOYMENT_TARGET = 17.0;
				MARKETING_VERSION = 1.0;
				PRODUCT_BUNDLE_IDENTIFIER = ru.azonaz.HiiroTestCaseUITests;
				PRODUCT_NAME = "$(TARGET_NAME)";
				SWIFT_EMIT_LOC_STRINGS = NO;
				SWIFT_VERSION = 5.0;
				TARGETED_DEVICE_FAMILY = "1,2";
				TEST_TARGET_NAME = HiiroTestCase;
			};
			name = Release;
		};
/* End XCBuildConfiguration section */

/* Begin XCConfigurationList section */
		84828F1D2BC6C4A000C65E28 /* Build configuration list for PBXProject "HiiroTestCase" */ = {
			isa = XCConfigurationList;
			buildConfigurations = (
				84828F2E2BC6C4A200C65E28 /* Debug */,
				84828F2F2BC6C4A200C65E28 /* Release */,
			);
			defaultConfigurationIsVisible = 0;
			defaultConfigurationName = Release;
		};
		84828F302BC6C4A200C65E28 /* Build configuration list for PBXNativeTarget "HiiroTestCase" */ = {
			isa = XCConfigurationList;
			buildConfigurations = (
				84828F312BC6C4A200C65E28 /* Debug */,
				84828F322BC6C4A200C65E28 /* Release */,
			);
			defaultConfigurationIsVisible = 0;
			defaultConfigurationName = Release;
		};
		84D02C1C2BC94A320095B3D6 /* Build configuration list for PBXNativeTarget "HiiroTestCaseTests" */ = {
			isa = XCConfigurationList;
			buildConfigurations = (
				84D02C1D2BC94A320095B3D6 /* Debug */,
				84D02C1E2BC94A320095B3D6 /* Release */,
			);
			defaultConfigurationIsVisible = 0;
			defaultConfigurationName = Release;
		};
		84D280B32BCBB42300BE3B71 /* Build configuration list for PBXNativeTarget "HiiroTestCaseUITests" */ = {
			isa = XCConfigurationList;
			buildConfigurations = (
				84D280B42BCBB42300BE3B71 /* Debug */,
				84D280B52BCBB42300BE3B71 /* Release */,
			);
			defaultConfigurationIsVisible = 0;
			defaultConfigurationName = Release;
		};
/* End XCConfigurationList section */
	};
	rootObject = 84828F1A2BC6C4A000C65E28 /* Project object */;
}
